# This lock file was generated by conda-lock (https://github.com/conda/conda-lock). DO NOT EDIT!
#
# A "lock file" contains a concrete list of package versions (with checksums) to be installed. Unlike
# e.g. `conda env create`, the resulting environment will not change as new package versions become
# available, unless you explicitly update the lock file.
#
# Install this environment as "YOURENV" with:
#     conda-lock install -n YOURENV conda-lock.yml
# To update a single package to the latest version compatible with the version constraints in the source:
#     conda-lock lock  --lockfile conda-lock.yml --update PACKAGE
# To re-solve the entire environment, e.g. after changing a version constraint in the source file:
#     conda-lock -f environment.yml --lockfile conda-lock.yml
version: 1
metadata:
  content_hash:
    linux-64: 780387588e407defa34c34f5b91b742b09f0019b3160384cafbe95012826e15a
  channels:
  - url: conda-forge
    used_env_vars: []
  - url: bioconda
    used_env_vars: []
  platforms:
  - linux-64
  sources:
  - environment.yml
package:
- name: _libgcc_mutex
  version: '0.1'
  manager: conda
  platform: linux-64
  dependencies: {}
  url: https://conda.anaconda.org/conda-forge/linux-64/_libgcc_mutex-0.1-conda_forge.tar.bz2
  hash:
    md5: d7c89558ba9fa0495403155b64376d81
    sha256: fe51de6107f9edc7aa4f786a70f4a883943bc9d39b3bb7307c04c41410990726
  category: main
  optional: false
- name: _openmp_mutex
  version: '4.5'
  manager: conda
  platform: linux-64
  dependencies:
    _libgcc_mutex: '0.1'
    libgomp: '>=7.5.0'
  url: https://conda.anaconda.org/conda-forge/linux-64/_openmp_mutex-4.5-2_gnu.tar.bz2
  hash:
    md5: 73aaf86a425cc6e73fcf236a5a46396d
    sha256: fbe2c5e56a653bebb982eda4876a9178aedfc2b545f25d0ce9c4c0b508253d22
  category: main
  optional: false
- name: annotated-types
  version: 0.7.0
  manager: conda
  platform: linux-64
  dependencies:
    python: '>=3.7'
    typing-extensions: '>=4.0.0'
  url: https://conda.anaconda.org/conda-forge/noarch/annotated-types-0.7.0-pyhd8ed1ab_0.conda
  hash:
    md5: 7e9f4612544c8edbfd6afad17f1bd045
    sha256: 668f0825b6c18e4012ca24a0070562b6ec801ebc7008228a428eb52b4038873f
  category: main
  optional: false
- name: appdirs
  version: 1.4.4
  manager: conda
  platform: linux-64
  dependencies:
    python: ''
  url: https://conda.anaconda.org/conda-forge/noarch/appdirs-1.4.4-pyh9f0ad1d_0.tar.bz2
  hash:
    md5: 5f095bc6454094e96f146491fd03633b
    sha256: ae9fb8f68281f84482f2c234379aa12405a9e365151d43af20b3ae1f17312111
  category: main
  optional: false
- name: brotli-python
  version: 1.1.0
  manager: conda
  platform: linux-64
  dependencies:
    libgcc-ng: '>=12'
    libstdcxx-ng: '>=12'
    python: '>=3.12.0rc3,<3.13.0a0'
    python_abi: 3.12.*
  url: https://conda.anaconda.org/conda-forge/linux-64/brotli-python-1.1.0-py312h30efb56_1.conda
  hash:
    md5: 45801a89533d3336a365284d93298e36
    sha256: b68706698b6ac0d31196a8bcb061f0d1f35264bcd967ea45e03e108149a74c6f
  category: main
  optional: false
- name: bzip2
  version: 1.0.8
  manager: conda
  platform: linux-64
  dependencies:
    libgcc-ng: '>=12'
  url: https://conda.anaconda.org/conda-forge/linux-64/bzip2-1.0.8-hd590300_5.conda
  hash:
    md5: 69b8b6202a07720f448be700e300ccf4
    sha256: 242c0c324507ee172c0e0dd2045814e746bb303d1eb78870d182ceb0abc726a8
  category: main
  optional: false
- name: ca-certificates
  version: 2024.2.2
  manager: conda
  platform: linux-64
  dependencies: {}
  url: https://conda.anaconda.org/conda-forge/linux-64/ca-certificates-2024.2.2-hbcca054_0.conda
  hash:
    md5: 2f4327a1cbe7f022401b236e915a5fef
    sha256: 91d81bfecdbb142c15066df70cc952590ae8991670198f92c66b62019b251aeb
  category: main
  optional: false
- name: cachecontrol
  version: 0.14.0
  manager: conda
  platform: linux-64
  dependencies:
    msgpack-python: '>=0.5.2'
    python: '>=3.7'
    requests: '>=2.16.0'
  url: https://conda.anaconda.org/conda-forge/noarch/cachecontrol-0.14.0-pyhd8ed1ab_0.conda
  hash:
    md5: a661c39e223bf3038b38126b0bbf43d9
    sha256: 3318732d60456c5ecc0db14a7343a320ea88e05ae168aea4164d7f9ec7907142
  category: main
  optional: false
- name: cachecontrol-with-filecache
  version: 0.14.0
  manager: conda
  platform: linux-64
  dependencies:
    cachecontrol: 0.14.0
    filelock: '>=3.8.0'
    python: '>=3.7'
  url: https://conda.anaconda.org/conda-forge/noarch/cachecontrol-with-filecache-0.14.0-pyhd8ed1ab_0.conda
  hash:
    md5: 4c08fa6e7d1d3f124ad815e21b2210e9
    sha256: 89a9061aafc28c0e0e2db49a5b99e99797ed3a7127c31deda0cceb4696ae627f
  category: main
  optional: false
- name: cachy
  version: 0.3.0
  manager: conda
  platform: linux-64
  dependencies:
    python: '>=3.6'
  url: https://conda.anaconda.org/conda-forge/noarch/cachy-0.3.0-pyhd8ed1ab_1.tar.bz2
  hash:
    md5: 5dfee17f24e2dfd18d7392b48c9351e2
    sha256: 9b193a4e483c4d0004bc5b88fac7a02516b6311137ab61b8db85aa9741422e35
  category: main
  optional: false
- name: certifi
  version: 2024.2.2
  manager: conda
  platform: linux-64
  dependencies:
    python: '>=3.7'
  url: https://conda.anaconda.org/conda-forge/noarch/certifi-2024.2.2-pyhd8ed1ab_0.conda
  hash:
    md5: 0876280e409658fc6f9e75d035960333
    sha256: f1faca020f988696e6b6ee47c82524c7806380b37cfdd1def32f92c326caca54
  category: main
  optional: false
- name: cffi
  version: 1.16.0
  manager: conda
  platform: linux-64
  dependencies:
    libffi: '>=3.4,<4.0a0'
    libgcc-ng: '>=12'
    pycparser: ''
    python: '>=3.12.0rc3,<3.13.0a0'
    python_abi: 3.12.*
  url: https://conda.anaconda.org/conda-forge/linux-64/cffi-1.16.0-py312hf06ca03_0.conda
  hash:
    md5: 56b0ca764ce23cc54f3f7e2a7b970f6d
    sha256: 5a36e2c254603c367d26378fa3a205bd92263e30acf195f488749562b4c44251
  category: main
  optional: false
- name: cfgv
  version: 3.3.1
  manager: conda
  platform: linux-64
  dependencies:
    python: '>=3.6.1'
  url: https://conda.anaconda.org/conda-forge/noarch/cfgv-3.3.1-pyhd8ed1ab_0.tar.bz2
  hash:
    md5: ebb5f5f7dc4f1a3780ef7ea7738db08c
    sha256: fbc03537a27ef756162c49b1d0608bf7ab12fa5e38ceb8563d6f4859e835ac5c
  category: main
  optional: false
- name: charset-normalizer
  version: 3.3.2
  manager: conda
  platform: linux-64
  dependencies:
    python: '>=3.7'
  url: https://conda.anaconda.org/conda-forge/noarch/charset-normalizer-3.3.2-pyhd8ed1ab_0.conda
  hash:
    md5: 7f4a9e3fcff3f6356ae99244a014da6a
    sha256: 20cae47d31fdd58d99c4d2e65fbdcefa0b0de0c84e455ba9d6356a4bdbc4b5b9
  category: main
  optional: false
- name: cleo
  version: 2.1.0
  manager: conda
  platform: linux-64
  dependencies:
    crashtest: '>=0.4.1,<0.5.0'
    python: '>=3.7,<4.0'
    rapidfuzz: '>=3.0.0,<4.0.0'
  url: https://conda.anaconda.org/conda-forge/noarch/cleo-2.1.0-pyhd8ed1ab_0.conda
  hash:
    md5: 69569ea8a6d1465193345a40421d138b
    sha256: eed2d2cb8792b3ae6434ce49bf5fe1ae5d885253f6bd2e56da933c427705fcbc
  category: main
  optional: false
- name: click
  version: 8.1.7
  manager: conda
  platform: linux-64
  dependencies:
    __unix: ''
    python: '>=3.8'
  url: https://conda.anaconda.org/conda-forge/noarch/click-8.1.7-unix_pyh707e725_0.conda
  hash:
    md5: f3ad426304898027fc619827ff428eca
    sha256: f0016cbab6ac4138a429e28dbcb904a90305b34b3fe41a9b89d697c90401caec
  category: main
  optional: false
- name: click-default-group
  version: 1.2.4
  manager: conda
  platform: linux-64
  dependencies:
    click: ''
    python: '>=2.7'
  url: https://conda.anaconda.org/conda-forge/noarch/click-default-group-1.2.4-pyhd8ed1ab_0.conda
  hash:
    md5: 7c2b6931f9b3548ed78478332095c3e9
    sha256: b36e35d735ddd29d7c592eb3de4b3979e13a9f76f1b4bc939f2cb4402758d6d0
  category: main
  optional: false
- name: clikit
  version: 0.6.2
  manager: conda
  platform: linux-64
  dependencies:
    pastel: '>=0.2.0,<0.3.0'
    pylev: '>=1.3,<2.0'
    python: '>=3.7'
  url: https://conda.anaconda.org/conda-forge/noarch/clikit-0.6.2-pyhd8ed1ab_2.conda
  hash:
    md5: 02abb7b66b02e8b9f5a9b05454400087
    sha256: 2d582bc15d9116ec5467b565fb87d9034c8b56f60943e8eb69407f55f1ab5a78
  category: main
  optional: false
- name: colorama
  version: 0.4.6
  manager: conda
  platform: linux-64
  dependencies:
    python: '>=3.7'
  url: https://conda.anaconda.org/conda-forge/noarch/colorama-0.4.6-pyhd8ed1ab_0.tar.bz2
  hash:
    md5: 3faab06a954c2a04039983f2c4a50d99
    sha256: 2c1b2e9755ce3102bca8d69e8f26e4f087ece73f50418186aee7c74bef8e1698
  category: main
  optional: false
- name: conda-lock
  version: 2.5.7
  manager: conda
  platform: linux-64
  dependencies:
    cachecontrol-with-filecache: '>=0.12.9'
    cachy: '>=0.3.0'
    click: '>=8.0'
    click-default-group: ''
    clikit: '>=0.6.2'
    crashtest: '>=0.3.0'
    ensureconda: '>=1.3'
    gitpython: '>=3.1.30'
    html5lib: '>=1.0'
    jinja2: ''
    keyring: '>=21.2.0'
    packaging: '>=20.4'
    pkginfo: '>=1.4'
    pydantic: '>=1.10'
    python: '>=3.8'
    pyyaml: '>=5.1'
    requests: '>=2.18'
    ruamel.yaml: ''
    setuptools: ''
    tomli: ''
    tomlkit: '>=0.7.0'
    toolz: '>=0.12.0,<1.0.0'
    typing_extensions: ''
    urllib3: '>=1.26.5,<2.0'
    virtualenv: '>=20.0.26'
  url: https://conda.anaconda.org/conda-forge/noarch/conda-lock-2.5.7-pyhd8ed1ab_0.conda
  hash:
    md5: 154d0c643be6a9ce6fbe655d007d8e4e
    sha256: bdce4c0d6491d12db676633dcf1cae031a5105073996a4a0ae8dba9ecafda2b2
  category: main
  optional: false
- name: conda-poetry-liaison
  version: 0.1.2
  manager: conda
  platform: linux-64
  dependencies:
    python: '>=3.9.0,<4.0.0'
    tomli: '>=2.0.1,<3.0.0'
    tomli-w: '>=1.0.0,<2.0.0'
  url: https://conda.anaconda.org/conda-forge/noarch/conda-poetry-liaison-0.1.2-pyhd8ed1ab_0.conda
  hash:
    md5: a7e7aaf023212f470e5e477458b5eedc
    sha256: 1771dcab93cde5deef59d9b52a67db46a6b6faeb43e32ca2f726064a68e11770
  category: main
  optional: false
- name: crashtest
  version: 0.4.1
  manager: conda
  platform: linux-64
  dependencies:
    python: '>=3.6,<4.0'
  url: https://conda.anaconda.org/conda-forge/noarch/crashtest-0.4.1-pyhd8ed1ab_0.tar.bz2
  hash:
    md5: 709a2295dd907bb34afb57d54320642f
    sha256: 2f05954a3faf0700c14c1deddc085385160ee32abe111699c78d9cb277e915cc
  category: main
  optional: false
- name: cryptography
  version: 42.0.7
  manager: conda
  platform: linux-64
  dependencies:
    cffi: '>=1.12'
    libgcc-ng: '>=12'
    openssl: '>=3.3.0,<4.0a0'
    python: '>=3.12,<3.13.0a0'
    python_abi: 3.12.*
  url: https://conda.anaconda.org/conda-forge/linux-64/cryptography-42.0.7-py312hbcc2302_0.conda
  hash:
    md5: 7bc0e1aae21b2e82d03959931f4294f0
    sha256: 91fa2d4229096ecffa36e71a33f2163d1138dc1ef98a0be20ba0e5905e420a85
  category: main
  optional: false
- name: dbus
  version: 1.13.6
  manager: conda
  platform: linux-64
  dependencies:
    expat: '>=2.4.2,<3.0a0'
    libgcc-ng: '>=9.4.0'
    libglib: '>=2.70.2,<3.0a0'
  url: https://conda.anaconda.org/conda-forge/linux-64/dbus-1.13.6-h5008d03_3.tar.bz2
  hash:
    md5: ecfff944ba3960ecb334b9a2663d708d
    sha256: 8f5f995699a2d9dbdd62c61385bfeeb57c82a681a7c8c5313c395aa0ccab68a5
  category: main
  optional: false
- name: distlib
  version: 0.3.8
  manager: conda
  platform: linux-64
  dependencies:
    python: 2.7|>=3.6
  url: https://conda.anaconda.org/conda-forge/noarch/distlib-0.3.8-pyhd8ed1ab_0.conda
  hash:
    md5: db16c66b759a64dc5183d69cc3745a52
    sha256: 3ff11acdd5cc2f80227682966916e878e45ced94f59c402efb94911a5774e84e
  category: main
  optional: false
- name: dulwich
  version: 0.21.7
  manager: conda
  platform: linux-64
  dependencies:
    libgcc-ng: '>=12'
    python: '>=3.12,<3.13.0a0'
    python_abi: 3.12.*
    urllib3: '>=1.25'
  url: https://conda.anaconda.org/conda-forge/linux-64/dulwich-0.21.7-py312h98912ed_0.conda
  hash:
    md5: d9768d62ebbeb330f1b67d8ab4832ff7
    sha256: 404e14e6c7f41a6cf8f2bbe0b6e55d9934f9fa572f0f6937955d15b64080a960
  category: main
  optional: false
- name: ensureconda
  version: 1.4.4
  manager: conda
  platform: linux-64
  dependencies:
    appdirs: ''
    click: '>=5.1'
    filelock: ''
    packaging: ''
    python: '>=3.7'
    requests: '>=2'
  url: https://conda.anaconda.org/conda-forge/noarch/ensureconda-1.4.4-pyhd8ed1ab_0.conda
  hash:
    md5: e54a91c3a65491b13c68f7696425bac8
    sha256: a115afdc676c95a17ab63bbda84b7b724bc8817ae54fa34f8991339252424959
  category: main
  optional: false
- name: expat
  version: 2.6.2
  manager: conda
  platform: linux-64
  dependencies:
    libexpat: 2.6.2
    libgcc-ng: '>=12'
  url: https://conda.anaconda.org/conda-forge/linux-64/expat-2.6.2-h59595ed_0.conda
  hash:
    md5: 53fb86322bdb89496d7579fe3f02fd61
    sha256: 89916c536ae5b85bb8bf0cfa27d751e274ea0911f04e4a928744735c14ef5155
  category: main
  optional: false
- name: filelock
  version: 3.14.0
  manager: conda
  platform: linux-64
  dependencies:
    python: '>=3.7'
  url: https://conda.anaconda.org/conda-forge/noarch/filelock-3.14.0-pyhd8ed1ab_0.conda
  hash:
    md5: 831d85ae0acfba31b8efd0f0d07da736
    sha256: 6031be667e1b0cc0dee713f1cbca887cdee4daafa8bac478da33096f3147d38b
  category: main
  optional: false
- name: gitdb
  version: 4.0.11
  manager: conda
  platform: linux-64
  dependencies:
    python: '>=3.7'
    smmap: '>=3.0.1,<6'
  url: https://conda.anaconda.org/conda-forge/noarch/gitdb-4.0.11-pyhd8ed1ab_0.conda
  hash:
    md5: 623b19f616f2ca0c261441067e18ae40
    sha256: 52ab2798be31b8f509eeec458712f447ced4f96ecb672c6c9a42778f47e07b1b
  category: main
  optional: false
- name: gitpython
  version: 3.1.43
  manager: conda
  platform: linux-64
  dependencies:
    gitdb: '>=4.0.1,<5'
    python: '>=3.7'
    typing_extensions: '>=3.7.4.3'
  url: https://conda.anaconda.org/conda-forge/noarch/gitpython-3.1.43-pyhd8ed1ab_0.conda
  hash:
    md5: 0b2154c1818111e17381b1df5b4b0176
    sha256: cbb2802641a009ce9bcc2a047e817fd8816f9c842036a42f4730398d8e4cda2a
  category: main
  optional: false
- name: html5lib
  version: '1.1'
  manager: conda
  platform: linux-64
  dependencies:
    python: ''
    six: '>=1.9'
    webencodings: ''
  url: https://conda.anaconda.org/conda-forge/noarch/html5lib-1.1-pyh9f0ad1d_0.tar.bz2
  hash:
    md5: b2355343d6315c892543200231d7154a
    sha256: 9ad06446fe9847e86cb20d220bf11614afcd2cbe9f58096f08d5d4018877bee4
  category: main
  optional: false
- name: icu
  version: '73.2'
  manager: conda
  platform: linux-64
  dependencies:
    libgcc-ng: '>=12'
    libstdcxx-ng: '>=12'
  url: https://conda.anaconda.org/conda-forge/linux-64/icu-73.2-h59595ed_0.conda
  hash:
    md5: cc47e1facc155f91abd89b11e48e72ff
    sha256: e12fd90ef6601da2875ebc432452590bc82a893041473bc1c13ef29001a73ea8
  category: main
  optional: false
- name: identify
  version: 2.5.36
  manager: conda
  platform: linux-64
  dependencies:
    python: '>=3.6'
    ukkonen: ''
  url: https://conda.anaconda.org/conda-forge/noarch/identify-2.5.36-pyhd8ed1ab_0.conda
  hash:
    md5: ba68cb5105760379432cebc82b45af40
    sha256: dc98ab2233d3ed3692499e2a06b027489ee317658cef9277ec23cab00236f31c
  category: main
  optional: false
- name: idna
  version: '3.7'
  manager: conda
  platform: linux-64
  dependencies:
    python: '>=3.6'
  url: https://conda.anaconda.org/conda-forge/noarch/idna-3.7-pyhd8ed1ab_0.conda
  hash:
    md5: c0cc1420498b17414d8617d0b9f506ca
    sha256: 9687ee909ed46169395d4f99a0ee94b80a52f87bed69cd454bb6d37ffeb0ec7b
  category: main
  optional: false
- name: importlib-metadata
  version: 7.1.0
  manager: conda
  platform: linux-64
  dependencies:
    python: '>=3.8'
    zipp: '>=0.5'
  url: https://conda.anaconda.org/conda-forge/noarch/importlib-metadata-7.1.0-pyha770c72_0.conda
  hash:
    md5: 0896606848b2dc5cebdf111b6543aa04
    sha256: cc2e7d1f7f01cede30feafc1118b7aefa244d0a12224513734e24165ae12ba49
  category: main
  optional: false
- name: jaraco.classes
  version: 3.4.0
  manager: conda
  platform: linux-64
  dependencies:
    more-itertools: ''
    python: '>=3.8'
  url: https://conda.anaconda.org/conda-forge/noarch/jaraco.classes-3.4.0-pyhd8ed1ab_1.conda
  hash:
    md5: 7b756504d362cbad9b73a50a5455cafd
    sha256: 538b1c6df537a36c63fd0ed83cb1c1c25b07d8d3b5e401991fdaff261a4b5b4d
  category: main
  optional: false
- name: jeepney
  version: 0.8.0
  manager: conda
  platform: linux-64
  dependencies:
    python: '>=3.7'
  url: https://conda.anaconda.org/conda-forge/noarch/jeepney-0.8.0-pyhd8ed1ab_0.tar.bz2
  hash:
    md5: 9800ad1699b42612478755a2d26c722d
    sha256: 16639759b811866d63315fe1391f6fb45f5478b823972f4d3d9f0392b7dd80b8
  category: main
  optional: false
- name: jinja2
  version: 3.1.4
  manager: conda
  platform: linux-64
  dependencies:
    markupsafe: '>=2.0'
    python: '>=3.7'
  url: https://conda.anaconda.org/conda-forge/noarch/jinja2-3.1.4-pyhd8ed1ab_0.conda
  hash:
    md5: 7b86ecb7d3557821c649b3c31e3eb9f2
    sha256: 27380d870d42d00350d2d52598cddaf02f9505fb24be09488da0c9b8d1428f2d
  category: main
  optional: false
- name: keyring
  version: 24.3.1
  manager: conda
  platform: linux-64
  dependencies:
    jaraco.classes: ''
    jeepney: '>=0.4.2'
    python: '>=3.12,<3.13.0a0'
    python_abi: 3.12.*
    secretstorage: '>=3.2'
  url: https://conda.anaconda.org/conda-forge/linux-64/keyring-24.3.1-py312h7900ff3_0.conda
  hash:
    md5: 7548ce5655764c5fdd98d98a677e68bf
    sha256: 23d00575adf8a0974e5e1e5f0859a31e6bfa4178d2ef9f8e0c8c3e405e73c021
  category: main
  optional: false
- name: ld_impl_linux-64
  version: '2.40'
  manager: conda
  platform: linux-64
  dependencies: {}
  url: https://conda.anaconda.org/conda-forge/linux-64/ld_impl_linux-64-2.40-hf3520f5_1.conda
  hash:
    md5: 33b7851c39c25da14f6a233a8ccbeeca
    sha256: cb54a873c1c84c47f7174093889686b626946b8143905ec0f76a56785b26a304
  category: main
  optional: false
- name: libblas
  version: 3.9.0
  manager: conda
  platform: linux-64
  dependencies:
    libopenblas: '>=0.3.27,<1.0a0'
  url: https://conda.anaconda.org/conda-forge/linux-64/libblas-3.9.0-22_linux64_openblas.conda
  hash:
    md5: 1a2a0cd3153464fee6646f3dd6dad9b8
    sha256: 082b8ac20d43a7bbcdc28b3b1cd40e4df3a8b5daf0a2d23d68953a44d2d12c1b
  category: main
  optional: false
- name: libcblas
  version: 3.9.0
  manager: conda
  platform: linux-64
  dependencies:
    libblas: 3.9.0
  url: https://conda.anaconda.org/conda-forge/linux-64/libcblas-3.9.0-22_linux64_openblas.conda
  hash:
    md5: 4b31699e0ec5de64d5896e580389c9a1
    sha256: da1b2faa017663c8f5555c1c5518e96ac4cd8e0be2a673c1c9e2cb8507c8fe46
  category: main
  optional: false
- name: libexpat
  version: 2.6.2
  manager: conda
  platform: linux-64
  dependencies:
    libgcc-ng: '>=12'
  url: https://conda.anaconda.org/conda-forge/linux-64/libexpat-2.6.2-h59595ed_0.conda
  hash:
    md5: e7ba12deb7020dd080c6c70e7b6f6a3d
    sha256: 331bb7c7c05025343ebd79f86ae612b9e1e74d2687b8f3179faec234f986ce19
  category: main
  optional: false
- name: libffi
  version: 3.4.2
  manager: conda
  platform: linux-64
  dependencies:
    libgcc-ng: '>=9.4.0'
  url: https://conda.anaconda.org/conda-forge/linux-64/libffi-3.4.2-h7f98852_5.tar.bz2
  hash:
    md5: d645c6d2ac96843a2bfaccd2d62b3ac3
    sha256: ab6e9856c21709b7b517e940ae7028ae0737546122f83c2aa5d692860c3b149e
  category: main
  optional: false
- name: libgcc-ng
  version: 13.2.0
  manager: conda
  platform: linux-64
  dependencies:
    _libgcc_mutex: '0.1'
    _openmp_mutex: '>=4.5'
  url: https://conda.anaconda.org/conda-forge/linux-64/libgcc-ng-13.2.0-h77fa898_7.conda
  hash:
    md5: 72ec1b1b04c4d15d4204ece1ecea5978
    sha256: 62af2b89acbe74a21606c8410c276e57309c0a2ab8a9e8639e3c8131c0b60c92
  category: main
  optional: false
- name: libgfortran-ng
  version: 13.2.0
  manager: conda
  platform: linux-64
  dependencies:
    libgfortran5: 13.2.0
  url: https://conda.anaconda.org/conda-forge/linux-64/libgfortran-ng-13.2.0-h69a702a_7.conda
  hash:
    md5: 1b84f26d9f4f6026e179e7805d5a15cd
    sha256: a588e69f96b8e0983a8cdfdbf1dc75eb48189f5420ec71150c8d8cdc0a811a9b
  category: main
  optional: false
- name: libgfortran5
  version: 13.2.0
  manager: conda
  platform: linux-64
  dependencies:
    libgcc-ng: '>=13.2.0'
  url: https://conda.anaconda.org/conda-forge/linux-64/libgfortran5-13.2.0-hca663fb_7.conda
  hash:
    md5: c0bd771f09a326fdcd95a60b617795bf
    sha256: 754ab038115edce550fdccdc9ddf7dead2fa8346b8cdd4428c59ae1e83293978
  category: main
  optional: false
- name: libglib
  version: 2.80.2
  manager: conda
  platform: linux-64
  dependencies:
    libffi: '>=3.4,<4.0a0'
    libgcc-ng: '>=12'
    libiconv: '>=1.17,<2.0a0'
    libzlib: '>=1.2.13,<1.3.0a0'
    pcre2: '>=10.43,<10.44.0a0'
  url: https://conda.anaconda.org/conda-forge/linux-64/libglib-2.80.2-hf974151_0.conda
  hash:
    md5: 72724f6a78ecb15559396966226d5838
    sha256: 93e03b6cf4765bc06d64fa3dac65f22c53ae4a30247bb0e2dea0bd9c47a3fb26
  category: main
  optional: false
- name: libgomp
  version: 13.2.0
  manager: conda
  platform: linux-64
  dependencies:
    _libgcc_mutex: '0.1'
  url: https://conda.anaconda.org/conda-forge/linux-64/libgomp-13.2.0-h77fa898_7.conda
  hash:
    md5: abf3fec87c2563697defa759dec3d639
    sha256: 781444fa069d3b50e8ed667b750571cacda785761c7fc2a89ece1ac49693d4ad
  category: main
  optional: false
- name: libiconv
  version: '1.17'
  manager: conda
  platform: linux-64
  dependencies:
    libgcc-ng: '>=12'
  url: https://conda.anaconda.org/conda-forge/linux-64/libiconv-1.17-hd590300_2.conda
  hash:
    md5: d66573916ffcf376178462f1b61c941e
    sha256: 8ac2f6a9f186e76539439e50505d98581472fedb347a20e7d1f36429849f05c9
  category: main
  optional: false
- name: liblapack
  version: 3.9.0
  manager: conda
  platform: linux-64
  dependencies:
    libblas: 3.9.0
  url: https://conda.anaconda.org/conda-forge/linux-64/liblapack-3.9.0-22_linux64_openblas.conda
  hash:
    md5: b083767b6c877e24ee597d93b87ab838
    sha256: db246341d42f9100d45adeb1a7ba8b1ef5b51ceb9056fd643e98046a3259fde6
  category: main
  optional: false
- name: libnsl
  version: 2.0.1
  manager: conda
  platform: linux-64
  dependencies:
    libgcc-ng: '>=12'
  url: https://conda.anaconda.org/conda-forge/linux-64/libnsl-2.0.1-hd590300_0.conda
  hash:
    md5: 30fd6e37fe21f86f4bd26d6ee73eeec7
    sha256: 26d77a3bb4dceeedc2a41bd688564fe71bf2d149fdcf117049970bc02ff1add6
  category: main
  optional: false
- name: libopenblas
  version: 0.3.27
  manager: conda
  platform: linux-64
  dependencies:
    libgcc-ng: '>=12'
    libgfortran-ng: ''
    libgfortran5: '>=12.3.0'
  url: https://conda.anaconda.org/conda-forge/linux-64/libopenblas-0.3.27-pthreads_h413a1c8_0.conda
  hash:
    md5: a356024784da6dfd4683dc5ecf45b155
    sha256: 2ae7559aed0705deb3f716c7b247c74fd1b5e35b64e39834ce8b95f7564d4a3e
  category: main
  optional: false
- name: libsqlite
  version: 3.45.3
  manager: conda
  platform: linux-64
  dependencies:
    libgcc-ng: '>=12'
    libzlib: '>=1.2.13,<1.3.0a0'
  url: https://conda.anaconda.org/conda-forge/linux-64/libsqlite-3.45.3-h2797004_0.conda
  hash:
    md5: b3316cbe90249da4f8e84cd66e1cc55b
    sha256: e2273d6860eadcf714a759ffb6dc24a69cfd01f2a0ea9d6c20f86049b9334e0c
  category: main
  optional: false
- name: libstdcxx-ng
  version: 13.2.0
  manager: conda
  platform: linux-64
  dependencies: {}
  url: https://conda.anaconda.org/conda-forge/linux-64/libstdcxx-ng-13.2.0-hc0a3c3a_7.conda
  hash:
    md5: 53ebd4c833fa01cb2c6353e99f905406
    sha256: 35f1e08be0a84810c9075f5bd008495ac94e6c5fe306dfe4b34546f11fed850f
  category: main
  optional: false
- name: libuuid
  version: 2.38.1
  manager: conda
  platform: linux-64
  dependencies:
    libgcc-ng: '>=12'
  url: https://conda.anaconda.org/conda-forge/linux-64/libuuid-2.38.1-h0b41bf4_0.conda
  hash:
    md5: 40b61aab5c7ba9ff276c41cfffe6b80b
    sha256: 787eb542f055a2b3de553614b25f09eefb0a0931b0c87dbcce6efdfd92f04f18
  category: main
  optional: false
- name: libuv
  version: 1.48.0
  manager: conda
  platform: linux-64
  dependencies:
    libgcc-ng: '>=12'
  url: https://conda.anaconda.org/conda-forge/linux-64/libuv-1.48.0-hd590300_0.conda
  hash:
    md5: 7e8b914b1062dd4386e3de4d82a3ead6
    sha256: b7c0e8a0c93c2621be7645b37123d4e8d27e8a974da26a3fba47a9c37711aa7f
  category: main
  optional: false
- name: libxcrypt
  version: 4.4.36
  manager: conda
  platform: linux-64
  dependencies:
    libgcc-ng: '>=12'
  url: https://conda.anaconda.org/conda-forge/linux-64/libxcrypt-4.4.36-hd590300_1.conda
  hash:
    md5: 5aa797f8787fe7a17d1b0821485b5adc
    sha256: 6ae68e0b86423ef188196fff6207ed0c8195dd84273cb5623b85aa08033a410c
  category: main
  optional: false
- name: libzlib
  version: 1.2.13
  manager: conda
  platform: linux-64
  dependencies:
    libgcc-ng: '>=12'
  url: https://conda.anaconda.org/conda-forge/linux-64/libzlib-1.2.13-hd590300_5.conda
  hash:
    md5: f36c115f1ee199da648e0597ec2047ad
    sha256: 370c7c5893b737596fd6ca0d9190c9715d89d888b8c88537ae1ef168c25e82e4
  category: main
  optional: false
- name: markupsafe
  version: 2.1.5
  manager: conda
  platform: linux-64
  dependencies:
    libgcc-ng: '>=12'
    python: '>=3.12,<3.13.0a0'
    python_abi: 3.12.*
  url: https://conda.anaconda.org/conda-forge/linux-64/markupsafe-2.1.5-py312h98912ed_0.conda
  hash:
    md5: 6ff0b9582da2d4a74a1f9ae1f9ce2af6
    sha256: 273d8efd6c089c534ccbede566394c0ac1e265bfe5d89fe76e80332f3d75a636
  category: main
  optional: false
- name: more-itertools
  version: 10.2.0
  manager: conda
  platform: linux-64
  dependencies:
    python: '>=3.8'
  url: https://conda.anaconda.org/conda-forge/noarch/more-itertools-10.2.0-pyhd8ed1ab_0.conda
  hash:
    md5: d5c98e9706fdc5328d49a9bf2ce5fb42
    sha256: 9e49e9484ff279453f0b55323a3f0c7cb97440c74f69eecda1f4ad29fae5cd3c
  category: main
  optional: false
- name: msgpack-python
  version: 1.0.8
  manager: conda
  platform: linux-64
  dependencies:
    libgcc-ng: '>=12'
    libstdcxx-ng: '>=12'
    python: '>=3.12,<3.13.0a0'
    python_abi: 3.12.*
  url: https://conda.anaconda.org/conda-forge/linux-64/msgpack-python-1.0.8-py312h2492b07_0.conda
  hash:
    md5: 0df463266eaaa1b8a35f8fd26368c1a1
    sha256: 3761f57834ae20e49b4665b341057cf8ac2641d6f87e76d3d5cc615bc0dae8cc
  category: main
  optional: false
- name: ncurses
  version: '6.5'
  manager: conda
  platform: linux-64
  dependencies:
    libgcc-ng: '>=12'
  url: https://conda.anaconda.org/conda-forge/linux-64/ncurses-6.5-h59595ed_0.conda
  hash:
    md5: fcea371545eda051b6deafb24889fc69
    sha256: 4fc3b384f4072b68853a0013ea83bdfd3d66b0126e2238e1d6e1560747aa7586
  category: main
  optional: false
- name: nodeenv
  version: 1.8.0
  manager: conda
  platform: linux-64
  dependencies:
    python: 2.7|>=3.7
    setuptools: ''
  url: https://conda.anaconda.org/conda-forge/noarch/nodeenv-1.8.0-pyhd8ed1ab_0.conda
  hash:
    md5: 2a75b296096adabbabadd5e9782e5fcc
    sha256: 1320306234552717149f36f825ddc7e27ea295f24829e9db4cc6ceaff0b032bd
  category: main
  optional: false
- name: nodejs
  version: 20.12.2
  manager: conda
  platform: linux-64
  dependencies:
    __glibc: '>=2.17,<3.0.a0'
    icu: '>=73.2,<74.0a0'
    libgcc-ng: '>=12'
    libstdcxx-ng: '>=12'
    libuv: '>=1.48.0,<1.49.0a0'
    libzlib: '>=1.2.13,<1.3.0a0'
    openssl: '>=3.2.1,<4.0a0'
    zlib: ''
  url: https://conda.anaconda.org/conda-forge/linux-64/nodejs-20.12.2-hb753e55_0.conda
  hash:
    md5: 1fd16ca757a195c4357a1fbb2cb553b5
    sha256: 2f5813d9718963861314c6d9f75fe4630c3e6d078ec1e792770daf9ce7ac5c4f
  category: main
  optional: false
- name: numpy
  version: 1.26.4
  manager: conda
  platform: linux-64
  dependencies:
    libblas: '>=3.9.0,<4.0a0'
    libcblas: '>=3.9.0,<4.0a0'
    libgcc-ng: '>=12'
    liblapack: '>=3.9.0,<4.0a0'
    libstdcxx-ng: '>=12'
    python: '>=3.12,<3.13.0a0'
    python_abi: 3.12.*
  url: https://conda.anaconda.org/conda-forge/linux-64/numpy-1.26.4-py312heda63a1_0.conda
  hash:
    md5: d8285bea2a350f63fab23bf460221f3f
    sha256: fe3459c75cf84dcef6ef14efcc4adb0ade66038ddd27cadb894f34f4797687d8
  category: main
  optional: false
- name: openssl
  version: 3.3.0
  manager: conda
  platform: linux-64
  dependencies:
    ca-certificates: ''
    libgcc-ng: '>=12'
  url: https://conda.anaconda.org/conda-forge/linux-64/openssl-3.3.0-h4ab18f5_3.conda
  hash:
    md5: 12ea6d0d4ed54530eaed18e4835c1f7c
    sha256: 33dcea0ed3a61b2de6b66661cdd55278640eb99d676cd129fbff3e53641fa125
  category: main
  optional: false
- name: packaging
  version: '24.0'
  manager: conda
  platform: linux-64
  dependencies:
    python: '>=3.8'
  url: https://conda.anaconda.org/conda-forge/noarch/packaging-24.0-pyhd8ed1ab_0.conda
  hash:
    md5: 248f521b64ce055e7feae3105e7abeb8
    sha256: a390182d74c31dfd713c16db888c92c277feeb6d1fe96ff9d9c105f9564be48a
  category: main
  optional: false
- name: pastel
  version: 0.2.1
  manager: conda
  platform: linux-64
  dependencies:
    python: '>=2.7'
  url: https://conda.anaconda.org/conda-forge/noarch/pastel-0.2.1-pyhd8ed1ab_0.tar.bz2
  hash:
    md5: a4eea5bff523f26442405bc5d1f52adb
    sha256: 9153f0f38c76a09da7688a61fdbf8f3d7504e2326bef53e4ec20d994311b15bd
  category: main
  optional: false
- name: pcre2
  version: '10.43'
  manager: conda
  platform: linux-64
  dependencies:
    bzip2: '>=1.0.8,<2.0a0'
    libgcc-ng: '>=12'
    libzlib: '>=1.2.13,<1.3.0a0'
  url: https://conda.anaconda.org/conda-forge/linux-64/pcre2-10.43-hcad00b1_0.conda
  hash:
    md5: 8292dea9e022d9610a11fce5e0896ed8
    sha256: 766dd986a7ed6197676c14699000bba2625fd26c8a890fcb7a810e5cf56155bc
  category: main
  optional: false
- name: pexpect
  version: 4.9.0
  manager: conda
  platform: linux-64
  dependencies:
    ptyprocess: '>=0.5'
    python: '>=3.7'
  url: https://conda.anaconda.org/conda-forge/noarch/pexpect-4.9.0-pyhd8ed1ab_0.conda
  hash:
    md5: 629f3203c99b32e0988910c93e77f3b6
    sha256: 90a09d134a4a43911b716d4d6eb9d169238aff2349056f7323d9db613812667e
  category: main
  optional: false
- name: pkginfo
  version: 1.10.0
  manager: conda
  platform: linux-64
  dependencies:
    python: '>=3.7'
  url: https://conda.anaconda.org/conda-forge/noarch/pkginfo-1.10.0-pyhd8ed1ab_0.conda
  hash:
    md5: 8c6a4a704308f5d91f3a974a72db1096
    sha256: 3e833f907039646e34d23203cd5c9cc487a451d955d8c8d6581e18a8ccef4cee
  category: main
  optional: false
- name: platformdirs
  version: 4.2.2
  manager: conda
  platform: linux-64
  dependencies:
    python: '>=3.8'
  url: https://conda.anaconda.org/conda-forge/noarch/platformdirs-4.2.2-pyhd8ed1ab_0.conda
  hash:
    md5: 6f6cf28bf8e021933869bae3f84b8fc9
    sha256: adc59384cf0b2fc6dc7362840151e8cb076349197a38f7230278252698a88442
  category: main
  optional: false
- name: poetry
  version: 1.8.3
  manager: conda
  platform: linux-64
  dependencies:
    __linux: ''
    cachecontrol: '>=0.14.0,<0.15.0'
    cachecontrol-with-filecache: ''
    cleo: '>=2.1.0,<3.0.0'
    crashtest: '>=0.4.1,<0.5.0'
    dulwich: '>=0.21.2,<0.22.0'
    importlib-metadata: '>=4.4'
    keyring: '>=24.0.0,<25.0.0'
    packaging: '>=23.1'
    pexpect: '>=4.7.0,<5.0.0'
    pkginfo: '>=1.10.0,<2.0.0'
    platformdirs: '>=3.0.0,<5'
    poetry-core: 1.9.0.*
    poetry-plugin-export: '>=1.6.0,<2.0.0'
    pyproject_hooks: '>=1.0.0,<2.0.0'
    python: '>=3.8,<4.0'
    python-build: '>=1.0.3,<2.0.0'
    python-fastjsonschema: '>=2.18.0,<3.0.0'
    python-installer: '>=0.7.0,<0.8.0'
    requests: '>=2.26.0,<3.0.0'
    requests-toolbelt: '>=1.0.0,<2.0.0'
    shellingham: '>=1.5.0,<2.0.0'
    tomli: '>=2.0.1,<3.0.0'
    tomlkit: '>=0.11.4,<1.0.0'
    trove-classifiers: '>=2022.5.19'
    virtualenv: '>=20.23.0,<21.0.0'
  url: https://conda.anaconda.org/conda-forge/noarch/poetry-1.8.3-linux_pyha804496_1.conda
  hash:
    md5: 022096679c2d4af6fc27f4a8f9eaecd6
    sha256: 2b2eb6c6fafe28731e0dc91a86ea79fd22db99926e9dd3b6127c3c4c3f89a448
  category: main
  optional: false
- name: poetry-core
  version: 1.9.0
  manager: conda
  platform: linux-64
  dependencies:
    python: '>=3.8.0,<4.0.0'
  url: https://conda.anaconda.org/conda-forge/noarch/poetry-core-1.9.0-pyhd8ed1ab_0.conda
  hash:
    md5: f9f26b837a81a128648353803950929e
    sha256: eb1a1351bda0157257c3cf6074e7203812736319e664b6bbe78befc863b2d542
  category: main
  optional: false
- name: poetry-plugin-export
  version: 1.8.0
  manager: conda
  platform: linux-64
  dependencies:
    poetry: '>=1.8.0,<3.0.0'
    poetry-core: '>=1.7.0,<3.0.0'
    python: '>=3.8.0,<4.0.0'
  url: https://conda.anaconda.org/conda-forge/noarch/poetry-plugin-export-1.8.0-pyhd8ed1ab_0.conda
  hash:
    md5: 9435d439db818300e34b28eb6ac324ba
    sha256: 57759580fa2477599ea730ea3ba0eed0c88c65a4a8476da6ad0e0364f4d7c1f1
  category: main
  optional: false
- name: pre-commit
  version: 3.7.1
  manager: conda
  platform: linux-64
  dependencies:
    cfgv: '>=2.0.0'
    identify: '>=1.0.0'
    nodeenv: '>=0.11.1'
    python: '>=3.9'
    pyyaml: '>=5.1'
    virtualenv: '>=20.10.0'
  url: https://conda.anaconda.org/conda-forge/noarch/pre-commit-3.7.1-pyha770c72_0.conda
  hash:
    md5: 724bc4489c1174fc8e3233b0624fa51f
    sha256: 689c169ce6ed5d516d8524cc1e6ef2687dff19747c1ed1ee9b347a71f47ff12d
  category: main
  optional: false
- name: ptyprocess
  version: 0.7.0
  manager: conda
  platform: linux-64
  dependencies:
    python: ''
  url: https://conda.anaconda.org/conda-forge/noarch/ptyprocess-0.7.0-pyhd3deb0d_0.tar.bz2
  hash:
    md5: 359eeb6536da0e687af562ed265ec263
    sha256: fb31e006a25eb2e18f3440eb8d17be44c8ccfae559499199f73584566d0a444a
  category: main
  optional: false
- name: pycparser
  version: '2.22'
  manager: conda
  platform: linux-64
  dependencies:
    python: '>=3.8'
  url: https://conda.anaconda.org/conda-forge/noarch/pycparser-2.22-pyhd8ed1ab_0.conda
  hash:
    md5: 844d9eb3b43095b031874477f7d70088
    sha256: 406001ebf017688b1a1554b49127ca3a4ac4626ec0fd51dc75ffa4415b720b64
  category: main
  optional: false
- name: pydantic
  version: 2.7.1
  manager: conda
  platform: linux-64
  dependencies:
    annotated-types: '>=0.4.0'
    pydantic-core: 2.18.2
    python: '>=3.7'
    typing-extensions: '>=4.6.1'
  url: https://conda.anaconda.org/conda-forge/noarch/pydantic-2.7.1-pyhd8ed1ab_0.conda
  hash:
    md5: f5dac044e2aaccf73b85053f6db360b5
    sha256: 176862eeca911df9e21a239a19cee1608f899f969e7bc3b3df1da63aaf97c42b
  category: main
  optional: false
- name: pydantic-core
  version: 2.18.2
  manager: conda
  platform: linux-64
  dependencies:
    libgcc-ng: '>=12'
    python: '>=3.12,<3.13.0a0'
    python_abi: 3.12.*
    typing-extensions: '>=4.6.0,!=4.7.0'
  url: https://conda.anaconda.org/conda-forge/linux-64/pydantic-core-2.18.2-py312h4413252_0.conda
  hash:
    md5: e8d0dc046dc6282fa1d019eeea9b21e9
    sha256: aa9cf2a559a79a0352ff07761cab2b1cd8253e237830d8cc081ce42ba1471a39
  category: main
  optional: false
- name: pylev
  version: 1.4.0
  manager: conda
  platform: linux-64
  dependencies:
    python: '>=3.3'
  url: https://conda.anaconda.org/conda-forge/noarch/pylev-1.4.0-pyhd8ed1ab_0.tar.bz2
  hash:
    md5: edf8651c4379d9d1495ad6229622d150
    sha256: 50bd91767686bfe769e50a5a1b883e238d944a6163fea43e7c0beaac54ca674f
  category: main
  optional: false
- name: pyproject_hooks
  version: 1.1.0
  manager: conda
  platform: linux-64
  dependencies:
    python: '>=3.7'
    tomli: '>=1.1.0'
  url: https://conda.anaconda.org/conda-forge/noarch/pyproject_hooks-1.1.0-pyhd8ed1ab_0.conda
  hash:
    md5: 03736d8ced74deece64e54be348ddd3e
    sha256: 7431bd1c1273facccae3875218dff1faae5a717a0605326fc0370ea8f780ba40
  category: main
  optional: false
- name: pysocks
  version: 1.7.1
  manager: conda
  platform: linux-64
  dependencies:
    __unix: ''
    python: '>=3.8'
  url: https://conda.anaconda.org/conda-forge/noarch/pysocks-1.7.1-pyha2e5f31_6.tar.bz2
  hash:
    md5: 2a7de29fb590ca14b5243c4c812c8025
    sha256: a42f826e958a8d22e65b3394f437af7332610e43ee313393d1cf143f0a2d274b
  category: main
  optional: false
- name: python
  version: 3.12.3
  manager: conda
  platform: linux-64
  dependencies:
    bzip2: '>=1.0.8,<2.0a0'
    ld_impl_linux-64: '>=2.36.1'
    libexpat: '>=2.6.2,<3.0a0'
    libffi: '>=3.4,<4.0a0'
    libgcc-ng: '>=12'
    libnsl: '>=2.0.1,<2.1.0a0'
    libsqlite: '>=3.45.2,<4.0a0'
    libuuid: '>=2.38.1,<3.0a0'
    libxcrypt: '>=4.4.36'
    libzlib: '>=1.2.13,<1.3.0a0'
    ncurses: '>=6.4.20240210,<7.0a0'
    openssl: '>=3.2.1,<4.0a0'
    readline: '>=8.2,<9.0a0'
    tk: '>=8.6.13,<8.7.0a0'
    tzdata: ''
    xz: '>=5.2.6,<6.0a0'
  url: https://conda.anaconda.org/conda-forge/linux-64/python-3.12.3-hab00c5b_0_cpython.conda
  hash:
    md5: 2540b74d304f71d3e89c81209db4db84
    sha256: f9865bcbff69f15fd89a33a2da12ad616e98d65ce7c83c644b92e66e5016b227
  category: main
  optional: false
- name: python-build
  version: 1.2.1
  manager: conda
  platform: linux-64
  dependencies:
    colorama: ''
    importlib-metadata: '>=4.6'
    packaging: '>=19.0'
    pyproject_hooks: ''
    python: '>=3.8'
    tomli: '>=1.1.0'
  url: https://conda.anaconda.org/conda-forge/noarch/python-build-1.2.1-pyhd8ed1ab_0.conda
  hash:
    md5: d657cde3b3943fcedf6038138eea84de
    sha256: 3104051be7279d1b15f0a4be79f4bfeaf3a42b2900d24a7ad8e980df903fe8db
  category: main
  optional: false
- name: python-fastjsonschema
  version: 2.19.1
  manager: conda
  platform: linux-64
  dependencies:
    python: '>=3.3'
  url: https://conda.anaconda.org/conda-forge/noarch/python-fastjsonschema-2.19.1-pyhd8ed1ab_0.conda
  hash:
    md5: 4d3ceee3af4b0f9a1f48f57176bf8625
    sha256: 38b2db169d65cc5595e3ce63294c4fdb6a242ecf71f70b3ad8cad3bd4230d82f
  category: main
  optional: false
- name: python-installer
  version: 0.7.0
  manager: conda
  platform: linux-64
  dependencies:
    python: '>=3.7'
  url: https://conda.anaconda.org/conda-forge/noarch/python-installer-0.7.0-pyhd8ed1ab_0.conda
  hash:
    md5: 65dea78f903d686c8b0c2feaf0e15e1f
    sha256: 822f95b7786cfa61a6519153117b21d93194890e02a884b9f66ee4275e4f1c0a
  category: main
  optional: false
- name: python_abi
  version: '3.12'
  manager: conda
  platform: linux-64
  dependencies: {}
  url: https://conda.anaconda.org/conda-forge/linux-64/python_abi-3.12-4_cp312.conda
  hash:
    md5: dccc2d142812964fcc6abdc97b672dff
    sha256: 182a329de10a4165f6e8a3804caf751f918f6ea6176dd4e5abcdae1ed3095bf6
  category: main
  optional: false
- name: pyyaml
  version: 6.0.1
  manager: conda
  platform: linux-64
  dependencies:
    libgcc-ng: '>=12'
    python: '>=3.12.0rc3,<3.13.0a0'
    python_abi: 3.12.*
    yaml: '>=0.2.5,<0.3.0a0'
  url: https://conda.anaconda.org/conda-forge/linux-64/pyyaml-6.0.1-py312h98912ed_1.conda
  hash:
    md5: e3fd78d8d490af1d84763b9fe3f2e552
    sha256: 7f347a10a7121b08d79d21cd4f438c07c23479ea0c74dfb89d6dc416f791bb7f
  category: main
  optional: false
- name: rapidfuzz
  version: 3.9.1
  manager: conda
  platform: linux-64
  dependencies:
    libgcc-ng: '>=12'
    libstdcxx-ng: '>=12'
    numpy: ''
    python: '>=3.12,<3.13.0a0'
    python_abi: 3.12.*
  url: https://conda.anaconda.org/conda-forge/linux-64/rapidfuzz-3.9.1-py312h7070661_0.conda
  hash:
    md5: 0c895ba338ade34013d2f1a763af929d
    sha256: 52ffa499b066600ba650b1f4f9d650bcc15a8d00c79339f349a85d3b572b80b9
  category: main
  optional: false
- name: readline
  version: '8.2'
  manager: conda
  platform: linux-64
  dependencies:
    libgcc-ng: '>=12'
    ncurses: '>=6.3,<7.0a0'
  url: https://conda.anaconda.org/conda-forge/linux-64/readline-8.2-h8228510_1.conda
  hash:
    md5: 47d31b792659ce70f470b5c82fdfb7a4
    sha256: 5435cf39d039387fbdc977b0a762357ea909a7694d9528ab40f005e9208744d7
  category: main
  optional: false
- name: requests
  version: 2.32.2
  manager: conda
  platform: linux-64
  dependencies:
    certifi: '>=2017.4.17'
    charset-normalizer: '>=2,<4'
    idna: '>=2.5,<4'
    python: '>=3.7'
    urllib3: '>=1.21.1,<3'
  url: https://conda.anaconda.org/conda-forge/noarch/requests-2.32.2-pyhd8ed1ab_0.conda
  hash:
    md5: e1643b34b19df8c028a4f00bf5df58a6
    sha256: 115b796fddc846bee6f47e3c57d04d12fa93a47a7a8ef639cefdc05203c1bf00
  category: main
  optional: false
- name: requests-toolbelt
  version: 1.0.0
  manager: conda
  platform: linux-64
  dependencies:
    python: '>=3.6'
    requests: '>=2.0.1,<3.0.0'
  url: https://conda.anaconda.org/conda-forge/noarch/requests-toolbelt-1.0.0-pyhd8ed1ab_0.conda
  hash:
    md5: 99c98318c8646b08cc764f90ce98906e
    sha256: 20eaefc5dba74ff6c31e537533dde59b5b20f69e74df49dff19d43be59785fa3
  category: main
  optional: false
- name: ruamel.yaml
  version: 0.18.6
  manager: conda
  platform: linux-64
  dependencies:
    libgcc-ng: '>=12'
    python: '>=3.12,<3.13.0a0'
    python_abi: 3.12.*
    ruamel.yaml.clib: '>=0.1.2'
  url: https://conda.anaconda.org/conda-forge/linux-64/ruamel.yaml-0.18.6-py312h98912ed_0.conda
  hash:
    md5: a99a06a875138829ef65f44bbe2c30ca
    sha256: 26856daba883254736b7f3767c08f445b5d010eebbf4fc7aa384ee80e24aa663
  category: main
  optional: false
- name: ruamel.yaml.clib
  version: 0.2.8
  manager: conda
  platform: linux-64
  dependencies:
    libgcc-ng: '>=12'
    python: '>=3.12,<3.13.0a0'
    python_abi: 3.12.*
  url: https://conda.anaconda.org/conda-forge/linux-64/ruamel.yaml.clib-0.2.8-py312h98912ed_0.conda
  hash:
    md5: 05f31c2a79ba61df8d6d903ce4a4ce7b
    sha256: 5965302881d8b1049291e3ba3912286cdc72cb82303230cbbf0a048c6f6dd7c1
  category: main
  optional: false
- name: secretstorage
  version: 3.3.3
  manager: conda
  platform: linux-64
  dependencies:
    cryptography: ''
    dbus: ''
    jeepney: '>=0.6'
    python: '>=3.12.0rc3,<3.13.0a0'
    python_abi: 3.12.*
  url: https://conda.anaconda.org/conda-forge/linux-64/secretstorage-3.3.3-py312h7900ff3_2.conda
  hash:
    md5: 39067833cbb620066d492f8bd6f11dbf
    sha256: 0479e3f8c8e90049a6d92d4c7e67916c6d6cdafd11a1a31c54c785cce44aeb20
  category: main
  optional: false
- name: setuptools
  version: 70.0.0
  manager: conda
  platform: linux-64
  dependencies:
    python: '>=3.8'
  url: https://conda.anaconda.org/conda-forge/noarch/setuptools-70.0.0-pyhd8ed1ab_0.conda
  hash:
    md5: c8ddb4f34a208df4dd42509a0f6a1c89
    sha256: daa4638d288cfdf3b0ecea395d8efa25cafc4ebf4026464a36c797c84541d2be
  category: main
  optional: false
- name: shellingham
  version: 1.5.4
  manager: conda
  platform: linux-64
  dependencies:
    python: '>=3.7'
  url: https://conda.anaconda.org/conda-forge/noarch/shellingham-1.5.4-pyhd8ed1ab_0.conda
  hash:
    md5: d08db09a552699ee9e7eec56b4eb3899
    sha256: 3c49a0a101c41b7cf6ac05a1872d7a1f91f1b6d02eecb4a36b605a19517862bb
  category: main
  optional: false
- name: six
  version: 1.16.0
  manager: conda
  platform: linux-64
  dependencies:
    python: ''
  url: https://conda.anaconda.org/conda-forge/noarch/six-1.16.0-pyh6c4a22f_0.tar.bz2
  hash:
    md5: e5f25f8dbc060e9a8d912e432202afc2
    sha256: a85c38227b446f42c5b90d9b642f2c0567880c15d72492d8da074a59c8f91dd6
  category: main
  optional: false
- name: smmap
  version: 5.0.0
  manager: conda
  platform: linux-64
  dependencies:
    python: '>=3.5'
  url: https://conda.anaconda.org/conda-forge/noarch/smmap-5.0.0-pyhd8ed1ab_0.tar.bz2
  hash:
    md5: 62f26a3d1387acee31322208f0cfa3e0
    sha256: 23011cb3e064525bdb8787c75126a2e78d2344a72cd6773922006d1da1f2af16
  category: main
  optional: false
- name: tk
  version: 8.6.13
  manager: conda
  platform: linux-64
  dependencies:
    libgcc-ng: '>=12'
    libzlib: '>=1.2.13,<1.3.0a0'
  url: https://conda.anaconda.org/conda-forge/linux-64/tk-8.6.13-noxft_h4845f30_101.conda
  hash:
    md5: d453b98d9c83e71da0741bb0ff4d76bc
    sha256: e0569c9caa68bf476bead1bed3d79650bb080b532c64a4af7d8ca286c08dea4e
  category: main
  optional: false
- name: tomli
  version: 2.0.1
  manager: conda
  platform: linux-64
  dependencies:
    python: '>=3.7'
  url: https://conda.anaconda.org/conda-forge/noarch/tomli-2.0.1-pyhd8ed1ab_0.tar.bz2
  hash:
    md5: 5844808ffab9ebdb694585b50ba02a96
    sha256: 4cd48aba7cd026d17e86886af48d0d2ebc67ed36f87f6534f4b67138f5a5a58f
  category: main
  optional: false
- name: tomli-w
  version: 1.0.0
  manager: conda
  platform: linux-64
  dependencies:
    python: '>=3.7'
  url: https://conda.anaconda.org/conda-forge/noarch/tomli-w-1.0.0-pyhd8ed1ab_0.tar.bz2
  hash:
    md5: 73506d1ab4202481841c68c169b7ef6c
    sha256: efb5f78a224c4bb14aab04690c9912256ea12c3a8b8413e60167573ce1282b02
  category: main
  optional: false
- name: tomlkit
  version: 0.12.5
  manager: conda
  platform: linux-64
  dependencies:
    python: '>=3.7'
  url: https://conda.anaconda.org/conda-forge/noarch/tomlkit-0.12.5-pyha770c72_0.conda
  hash:
    md5: e5dde5caf905e9d95895e05f94967e14
    sha256: 5117eff35992d896ca177dfffc08be8a9b3bf3d306ddc3d8bf4b699cdf1e1b79
  category: main
  optional: false
- name: toolz
  version: 0.12.1
  manager: conda
  platform: linux-64
  dependencies:
    python: '>=3.7'
  url: https://conda.anaconda.org/conda-forge/noarch/toolz-0.12.1-pyhd8ed1ab_0.conda
  hash:
    md5: 2fcb582444635e2c402e8569bb94e039
    sha256: 22b0a9790317526e08609d5dfdd828210ae89e6d444a9e954855fc29012e90c6
  category: main
  optional: false
- name: trove-classifiers
  version: 2024.5.22
  manager: conda
  platform: linux-64
  dependencies:
    python: '>=3.7'
  url: https://conda.anaconda.org/conda-forge/noarch/trove-classifiers-2024.5.22-pyhd8ed1ab_0.conda
  hash:
    md5: a887538e7f6697ed52a487dbaa0ebff5
    sha256: f1bf2f01ab4cf799bc3c561eb9247709f7f63f8fc151a99ffd247bda50a5ee28
  category: main
  optional: false
- name: typing-extensions
  version: 4.11.0
  manager: conda
  platform: linux-64
  dependencies:
    typing_extensions: 4.11.0
  url: https://conda.anaconda.org/conda-forge/noarch/typing-extensions-4.11.0-hd8ed1ab_0.conda
  hash:
    md5: 471e3988f8ca5e9eb3ce6be7eac3bcee
    sha256: aecbd9c601ba5a6c128da8975276fd817b968a9edc969b7ae97aee76e80a14a6
  category: main
  optional: false
- name: typing_extensions
  version: 4.11.0
  manager: conda
  platform: linux-64
  dependencies:
    python: '>=3.8'
  url: https://conda.anaconda.org/conda-forge/noarch/typing_extensions-4.11.0-pyha770c72_0.conda
  hash:
    md5: 6ef2fc37559256cf682d8b3375e89b80
    sha256: a7e8714d14f854058e971a6ed44f18cc37cc685f98ddefb2e6b7899a0cc4d1a2
  category: main
  optional: false
- name: tzdata
  version: 2024a
  manager: conda
  platform: linux-64
  dependencies: {}
  url: https://conda.anaconda.org/conda-forge/noarch/tzdata-2024a-h0c530f3_0.conda
  hash:
    md5: 161081fc7cec0bfda0d86d7cb595f8d8
    sha256: 7b2b69c54ec62a243eb6fba2391b5e443421608c3ae5dbff938ad33ca8db5122
  category: main
  optional: false
- name: ukkonen
  version: 1.0.1
  manager: conda
  platform: linux-64
  dependencies:
    cffi: ''
    libgcc-ng: '>=12'
    libstdcxx-ng: '>=12'
    python: '>=3.12.0rc3,<3.13.0a0'
    python_abi: 3.12.*
  url: https://conda.anaconda.org/conda-forge/linux-64/ukkonen-1.0.1-py312h8572e83_4.conda
  hash:
    md5: 52c9e25ee0a32485a102eeecdb7eef52
    sha256: f9a4384d466f4d8b5b497d951329dd4407ebe02f8f93456434e9ab789d6e23ce
  category: main
  optional: false
- name: urllib3
  version: 1.26.18
  manager: conda
  platform: linux-64
  dependencies:
    brotli-python: '>=1.0.9'
    pysocks: '>=1.5.6,<2.0,!=1.5.7'
    python: '>=3.7'
  url: https://conda.anaconda.org/conda-forge/noarch/urllib3-1.26.18-pyhd8ed1ab_0.conda
  hash:
    md5: bf61cfd2a7f212efba378167a07d4a6a
    sha256: 1cc0bab65a6ad0f5a8bd7657760a4fb4e670d30377f9dab88b792977cb3687e7
  category: main
  optional: false
- name: virtualenv
  version: 20.26.2
  manager: conda
  platform: linux-64
  dependencies:
    distlib: <1,>=0.3.7
    filelock: <4,>=3.12.2
    platformdirs: <5,>=3.9.1
    python: '>=3.8'
  url: https://conda.anaconda.org/conda-forge/noarch/virtualenv-20.26.2-pyhd8ed1ab_0.conda
  hash:
    md5: 7d36e7a485ea2f5829408813bdbbfb38
    sha256: 1eefd180723fb2fd295352323b53777eeae5765b24d62ae75fc9f1e71b455f11
  category: main
  optional: false
- name: webencodings
  version: 0.5.1
  manager: conda
  platform: linux-64
  dependencies:
    python: '>=2.6'
  url: https://conda.anaconda.org/conda-forge/noarch/webencodings-0.5.1-pyhd8ed1ab_2.conda
  hash:
    md5: daf5160ff9cde3a468556965329085b9
    sha256: 2adf9bd5482802837bc8814cbe28d7b2a4cbd2e2c52e381329eaa283b3ed1944
  category: main
  optional: false
- name: xz
  version: 5.2.6
  manager: conda
  platform: linux-64
  dependencies:
    libgcc-ng: '>=12'
  url: https://conda.anaconda.org/conda-forge/linux-64/xz-5.2.6-h166bdaf_0.tar.bz2
  hash:
    md5: 2161070d867d1b1204ea749c8eec4ef0
    sha256: 03a6d28ded42af8a347345f82f3eebdd6807a08526d47899a42d62d319609162
  category: main
  optional: false
- name: yaml
  version: 0.2.5
  manager: conda
  platform: linux-64
  dependencies:
    libgcc-ng: '>=9.4.0'
  url: https://conda.anaconda.org/conda-forge/linux-64/yaml-0.2.5-h7f98852_2.tar.bz2
  hash:
    md5: 4cb3ad778ec2d5a7acbdf254eb1c42ae
    sha256: a4e34c710eeb26945bdbdaba82d3d74f60a78f54a874ec10d373811a5d217535
  category: main
  optional: false
- name: zipp
  version: 3.17.0
  manager: conda
  platform: linux-64
  dependencies:
    python: '>=3.8'
  url: https://conda.anaconda.org/conda-forge/noarch/zipp-3.17.0-pyhd8ed1ab_0.conda
  hash:
    md5: 2e4d6bc0b14e10f895fc6791a7d9b26a
    sha256: bced1423fdbf77bca0a735187d05d9b9812d2163f60ab426fc10f11f92ecbe26
  category: main
  optional: false
- name: zlib
  version: 1.2.13
  manager: conda
  platform: linux-64
  dependencies:
    libgcc-ng: '>=12'
    libzlib: 1.2.13
  url: https://conda.anaconda.org/conda-forge/linux-64/zlib-1.2.13-hd590300_5.conda
  hash:
    md5: 68c34ec6149623be41a1933ab996a209
    sha256: 9887a04d7e7cb14bd2b52fa01858f05a6d7f002c890f618d9fcd864adbfecb1b
  category: main
  optional: false
